
Microsoft Visual Studio Solution File, Format Version 12.00
# Visual Studio Version 16
VisualStudioVersion = 16.0.31613.86
MinimumVisualStudioVersion = 10.0.40219.1
Project("{FAE04EC0-301F-11D3-BF4B-00C04F79EFBC}") = "EntityFrameworksMigrations", "EntityFrameworksMigrations\EntityFrameworksMigrations.csproj", "{0625F2D4-DC39-46F3-A748-9B336C68D2E7}"
EndProject
Global
	GlobalSection(SolutionConfigurationPlatforms) = preSolution
		Debug|Any CPU = Debug|Any CPU
		Release|Any CPU = Release|Any CPU
	EndGlobalSection
	GlobalSection(ProjectConfigurationPlatforms) = postSolution
		{0625F2D4-DC39-46F3-A748-9B336C68D2E7}.Debug|Any CPU.ActiveCfg = Debug|Any CPU
		{0625F2D4-DC39-46F3-A748-9B336C68D2E7}.Debug|Any CPU.Build.0 = Debug|Any CPU
		{0625F2D4-DC39-46F3-A748-9B336C68D2E7}.Release|Any CPU.ActiveCfg = Release|Any CPU
		{0625F2D4-DC39-46F3-A748-9B336C68D2E7}.Release|Any CPU.Build.0 = Release|Any CPU
	EndGlobalSection
	GlobalSection(SolutionProperties) = preSolution
		HideSolutionNode = FALSE
	EndGlobalSection
	GlobalSection(ExtensibilityGlobals) = postSolution
		SolutionGuid = {0C694250-E4D5-457E-9580-3CD0FF799D7D}
	EndGlobalSection
EndGlobal
