
Microsoft Visual Studio Solution File, Format Version 12.00
# Visual Studio Version 16
VisualStudioVersion = 16.0.31613.86
MinimumVisualStudioVersion = 10.0.40219.1
Project("{FAE04EC0-301F-11D3-BF4B-00C04F79EFBC}") = "Repaso_Clases_Final", "Repaso_Clases_Final\Repaso_Clases_Final.csproj", "{B3AE454C-C72F-4316-B23A-08E7E2AAAED9}"
EndProject
Global
	GlobalSection(SolutionConfigurationPlatforms) = preSolution
		Debug|Any CPU = Debug|Any CPU
		Release|Any CPU = Release|Any CPU
	EndGlobalSection
	GlobalSection(ProjectConfigurationPlatforms) = postSolution
		{B3AE454C-C72F-4316-B23A-08E7E2AAAED9}.Debug|Any CPU.ActiveCfg = Debug|Any CPU
		{B3AE454C-C72F-4316-B23A-08E7E2AAAED9}.Debug|Any CPU.Build.0 = Debug|Any CPU
		{B3AE454C-C72F-4316-B23A-08E7E2AAAED9}.Release|Any CPU.ActiveCfg = Release|Any CPU
		{B3AE454C-C72F-4316-B23A-08E7E2AAAED9}.Release|Any CPU.Build.0 = Release|Any CPU
	EndGlobalSection
	GlobalSection(SolutionProperties) = preSolution
		HideSolutionNode = FALSE
	EndGlobalSection
	GlobalSection(ExtensibilityGlobals) = postSolution
		SolutionGuid = {F0EA9399-9F85-40BB-8318-D1A7411A9066}
	EndGlobalSection
EndGlobal
