
Microsoft Visual Studio Solution File, Format Version 12.00
# Visual Studio Version 16
VisualStudioVersion = 16.0.31613.86
MinimumVisualStudioVersion = 10.0.40219.1
Project("{FAE04EC0-301F-11D3-BF4B-00C04F79EFBC}") = "CUESTIONARIO_ASP_NET", "CUESTIONARIO_ASP_NET\CUESTIONARIO_ASP_NET.csproj", "{A60933BD-BAA1-4257-997D-3C24C4F97CB6}"
EndProject
Global
	GlobalSection(SolutionConfigurationPlatforms) = preSolution
		Debug|Any CPU = Debug|Any CPU
		Release|Any CPU = Release|Any CPU
	EndGlobalSection
	GlobalSection(ProjectConfigurationPlatforms) = postSolution
		{A60933BD-BAA1-4257-997D-3C24C4F97CB6}.Debug|Any CPU.ActiveCfg = Debug|Any CPU
		{A60933BD-BAA1-4257-997D-3C24C4F97CB6}.Debug|Any CPU.Build.0 = Debug|Any CPU
		{A60933BD-BAA1-4257-997D-3C24C4F97CB6}.Release|Any CPU.ActiveCfg = Release|Any CPU
		{A60933BD-BAA1-4257-997D-3C24C4F97CB6}.Release|Any CPU.Build.0 = Release|Any CPU
	EndGlobalSection
	GlobalSection(SolutionProperties) = preSolution
		HideSolutionNode = FALSE
	EndGlobalSection
	GlobalSection(ExtensibilityGlobals) = postSolution
		SolutionGuid = {938E1508-E9F8-418D-A350-FA40B9DEC6D7}
	EndGlobalSection
EndGlobal
